
Microsoft Visual Studio Solution File, Format Version 12.00
# Visual Studio Version 17
VisualStudioVersion = 17.11.35312.102
MinimumVisualStudioVersion = 10.0.40219.1
Project("{FAE04EC0-301F-11D3-BF4B-00C04F79EFBC}") = "Nhom2_QuanLySinhVien", "Nhom2_QuanLySinhVien.csproj", "{C2EF679F-DA83-4992-8337-1483784C1D48}"
EndProject
Global
	GlobalSection(SolutionConfigurationPlatforms) = preSolution
		Debug|Any CPU = Debug|Any CPU
		Release|Any CPU = Release|Any CPU
	EndGlobalSection
	GlobalSection(ProjectConfigurationPlatforms) = postSolution
		{C2EF679F-DA83-4992-8337-1483784C1D48}.Debug|Any CPU.ActiveCfg = Debug|Any CPU
		{C2EF679F-DA83-4992-8337-1483784C1D48}.Debug|Any CPU.Build.0 = Debug|Any CPU
		{C2EF679F-DA83-4992-8337-1483784C1D48}.Release|Any CPU.ActiveCfg = Release|Any CPU
		{C2EF679F-DA83-4992-8337-1483784C1D48}.Release|Any CPU.Build.0 = Release|Any CPU
	EndGlobalSection
	GlobalSection(SolutionProperties) = preSolution
		HideSolutionNode = FALSE
	EndGlobalSection
	GlobalSection(ExtensibilityGlobals) = postSolution
		SolutionGuid = {088388CC-A9C1-4375-A359-225621B4FE07}
	EndGlobalSection
EndGlobal
